{
  "lockfileVersion": 1,
  "configVersion": 1,
  "workspaces": {
    "": {
      "name": "mail-mcp",
      "devDependencies": {
        "@biomejs/biome": "2.5.15",
        "@davidvornholt/standards": "0.27.0",
        "turbo": "^2.11.7",
        "typescript": "7.0.2",
      },
    },
    "apps/cli": {
      "name": "@mailbox/cli",
      "version": "0.0.0",
      "dependencies": {
        "@napi-rs/keyring": "^2.1.0",
        "effect": "^3.22.2",
        "html-to-text": "^10.0.1",
        "imapflow": "^2.2.1",
        "mailparser": "^3.9.33",
        "nodemailer": "^10.0.13",
      },
      "devDependencies": {
        "@davidvornholt/typescript-config": "workspace:*",
        "@types/bun": "^1.4.2",
        "@types/html-to-text": "^9.0.4",
        "@types/mailparser": "^3.9.0",
        "@types/node": "^26.6.3",
        "@types/nodemailer": "^8.0.2",
        "typescript": "7.0.2",
      },
    },
    "packages/a11y-testing": {
      "name": "@davidvornholt/a11y-testing",
      "version": "0.0.0",
      "dependencies": {
        "@axe-core/playwright": "^4.13.0",
        "@playwright/test": "1.63.0",
        "playwright-core": "1.63.0",
      },
      "devDependencies": {
        "@davidvornholt/typescript-config": "workspace:*",
        "@types/bun": "^1.4.2",
        "typescript": "7.0.2",
      },
    },
    "packages/typescript-config": {
      "name": "@davidvornholt/typescript-config",
      "version": "0.0.0",
      "devDependencies": {
        "@types/bun": "^1.4.2",
        "typescript": "7.0.2",
      },
    },
  },
  "packages": {
    "@axe-core/playwright": ["@axe-core/playwright@4.13.0", "", { "dependencies": { "axe-core": "~4.13.0" }, "peerDependencies": { "playwright-core": ">= 1.0.0" } }, "sha512-6YLx+kxXu5GJceG4ozFg+33a2EMTdjYwWGloJ3sb9Kta5pp+ZNS53uxGVog5JetIY8s++P5UrtX+cri+u0VAVg=="],

    "@biomejs/biome": ["@biomejs/biome@2.5.15", "", { "optionalDependencies": { "@biomejs/cli-darwin-arm64": "2.5.15", "@biomejs/cli-darwin-x64": "2.5.15", "@biomejs/cli-linux-arm64": "2.5.15", "@biomejs/cli-linux-arm64-musl": "2.5.15", "@biomejs/cli-linux-x64": "2.5.15", "@biomejs/cli-linux-x64-musl": "2.5.15", "@biomejs/cli-win32-arm64": "2.5.15", "@biomejs/cli-win32-x64": "2.5.15" }, "bin": { "biome": "bin/biome" } }, "sha512-WZTW4slm/pdkh92K6t/3aEN++44JD1PQ7squ7RCMLI1flHGl43DVOIGXvCjHiZgBMO1V4uYxoFNtqrIA4qGuIQ=="],

    "@biomejs/cli-darwin-arm64": ["@biomejs/cli-darwin-arm64@2.5.15", "", { "os": "darwin", "cpu": "arm64" }, "sha512-BZVzFhJ/mUvTLMYbc9x6el0o2Uv5zP7bACYyhFb6fSc1giroXm7PL0a5KqMJ9F+/BnkYRjagD/ROSDVOZ6eapg=="],

    "@biomejs/cli-darwin-x64": ["@biomejs/cli-darwin-x64@2.5.15", "", { "os": "darwin", "cpu": "x64" }, "sha512-V5Kw63V+fVGNFhFrizDxMbGXAzZCh8kYzJpy3GI6gTapWDg7bZK9oYC9CbVgQSEdTnupz0U5Efz8Ev+5vdBBXw=="],

    "@biomejs/cli-linux-arm64": ["@biomejs/cli-linux-arm64@2.5.15", "", { "os": "linux", "cpu": "arm64" }, "sha512-XaG7P7eeSLYETD3K9grfB0mQmpLQZjygdbsxekWBJAg4am79fGAtRpfRyNnTvXB2fZFNnJZG3nXm7HBat0+VUw=="],

    "@biomejs/cli-linux-arm64-musl": ["@biomejs/cli-linux-arm64-musl@2.5.15", "", { "os": "linux", "cpu": "arm64" }, "sha512-tGzZUTcJCV7tj5Adh/Gn6nR4MycqA3iohq2LEcrarAgRBkU0h0OKd2UzCRkOsOYOuUGaUJb4YmqRqyy2feGGSw=="],

    "@biomejs/cli-linux-x64": ["@biomejs/cli-linux-x64@2.5.15", "", { "os": "linux", "cpu": "x64" }, "sha512-xE4iEW/3LqlYj9GFgGrFsFSH51dEEpUbYWBfeOv0q87WkUDxK2o/HhreSb7qMJqck70RVM6Lg96hgedcAYcOkA=="],

    "@biomejs/cli-linux-x64-musl": ["@biomejs/cli-linux-x64-musl@2.5.15", "", { "os": "linux", "cpu": "x64" }, "sha512-IlxUcyxilVGPsE008x13pWdkTbU3nQpP2i9b5UrbOYj6goBkKsRX1XB7yJLcV+O1H9LBchIIm4adOaVLZBX0ZQ=="],

    "@biomejs/cli-win32-arm64": ["@biomejs/cli-win32-arm64@2.5.15", "", { "os": "win32", "cpu": "arm64" }, "sha512-2kPKzhNlm8C+Ru3GcO0Me2ODkCBLrVOUNuyi84RJyWDVKAA4+Kjj3jMjL938lF6BRfvltC4vB2nPY9SvN51Ovg=="],

    "@biomejs/cli-win32-x64": ["@biomejs/cli-win32-x64@2.5.15", "", { "os": "win32", "cpu": "x64" }, "sha512-yAzh4UqEImV6Hcy0zjUqNfJAsUhoD64FBQCdTG8Md/Z2wQeVP/ZmJ3XRYAs1g8J9fjTFyl2fCtc5FB5til47+g=="],

    "@davidvornholt/a11y-testing": ["@davidvornholt/a11y-testing@workspace:packages/a11y-testing"],

    "@davidvornholt/standards": ["@davidvornholt/standards@0.27.0", "", { "dependencies": { "yaml": "^2.9.1" }, "bin": { "standards": "src/cli.ts" } }, "sha512-GgzmcjwJsGhwwjv6D6qSYZ54po1xRcL47mU472qfYlKWgQkGwk7ch2Iufi+rwG54BwP3NdXeUoWllwJARapvSw=="],

    "@davidvornholt/typescript-config": ["@davidvornholt/typescript-config@workspace:packages/typescript-config"],

    "@mailbox/cli": ["@mailbox/cli@workspace:apps/cli"],

    "@napi-rs/keyring": ["@napi-rs/keyring@2.1.0", "", { "optionalDependencies": { "@napi-rs/keyring-darwin-arm64": "2.1.0", "@napi-rs/keyring-darwin-x64": "2.1.0", "@napi-rs/keyring-freebsd-x64": "2.1.0", "@napi-rs/keyring-linux-arm-gnueabihf": "2.1.0", "@napi-rs/keyring-linux-arm64-gnu": "2.1.0", "@napi-rs/keyring-linux-arm64-musl": "2.1.0", "@napi-rs/keyring-linux-riscv64-gnu": "2.1.0", "@napi-rs/keyring-linux-x64-gnu": "2.1.0", "@napi-rs/keyring-linux-x64-musl": "2.1.0", "@napi-rs/keyring-win32-arm64-msvc": "2.1.0", "@napi-rs/keyring-win32-ia32-msvc": "2.1.0", "@napi-rs/keyring-win32-x64-msvc": "2.1.0" } }, "sha512-km9J3fomkGSLpImpelq0cMvLBrJ5eVlTzuWdG3Iy0laP6gU90MmHYjqhUhG32aYq0/0++r2TLuAA9xlnh4XU1g=="],

    "@napi-rs/keyring-darwin-arm64": ["@napi-rs/keyring-darwin-arm64@2.1.0", "", { "os": "darwin", "cpu": "arm64" }, "sha512-j6ATTOhmPW+N5EKwi8Yzn6P4Bz/uqnxzyYvqOL73/dgzDSYG5pS5eprqpVmOLse68WUTf79ZMqz97HnfvirJ9g=="],

    "@napi-rs/keyring-darwin-x64": ["@napi-rs/keyring-darwin-x64@2.1.0", "", { "os": "darwin", "cpu": "x64" }, "sha512-54Q803nguiOaQzBG2h4uIkacI0eLGAlzzdpxPNi6IZtXbjqbPI4AQ86GrQy25tw3czBqRPBoGu0lHP2U+/f5iA=="],

    "@napi-rs/keyring-freebsd-x64": ["@napi-rs/keyring-freebsd-x64@2.1.0", "", { "os": "freebsd", "cpu": "x64" }, "sha512-BL7ngJAYQBrUp1PTF8enOXOIVfxN51RbwVOEQ+8eAjWypF/5Ipqs8oQoMqkuc0wAbk+vatnNVjdKCIFa/HPglg=="],

    "@napi-rs/keyring-linux-arm-gnueabihf": ["@napi-rs/keyring-linux-arm-gnueabihf@2.1.0", "", { "os": "linux", "cpu": "arm" }, "sha512-JYgbCDk+giss7lKla8NTXhM/fLj+Hrfgr3xwKQ8jKn8qMD6vXLwYcfK8HJ9VoAcjIeYEUpCL6dRszJC5M4zFNg=="],

    "@napi-rs/keyring-linux-arm64-gnu": ["@napi-rs/keyring-linux-arm64-gnu@2.1.0", "", { "os": "linux", "cpu": "arm64" }, "sha512-+PMONFQ+2GkBXG7vRG2spgR73bNCMeVpNopHoSmhj2E+5Gu6zJooRBjoaIZKj6hCyrOU8pXAhoZ22EEFQ/4YeQ=="],

    "@napi-rs/keyring-linux-arm64-musl": ["@napi-rs/keyring-linux-arm64-musl@2.1.0", "", { "os": "linux", "cpu": "arm64" }, "sha512-dKjiXKTHQjAS57hL0HVzLpW9XYNGFpfYkr/51FzIIvbZR08PAnzIDYKwShoNYGvjQP6+rDFf1a5Utl0aWwcFrA=="],

    "@napi-rs/keyring-linux-riscv64-gnu": ["@napi-rs/keyring-linux-riscv64-gnu@2.1.0", "", { "os": "linux", "cpu": "none" }, "sha512-tqhb0ofhtEJ2+ZfmlKTDHbmIoNSz+SSTPWRgMfSVCgI4JVkqDdfcmIOcThZfRffJ3QI9C3Tng+rZL24acmD+GA=="],

    "@napi-rs/keyring-linux-x64-gnu": ["@napi-rs/keyring-linux-x64-gnu@2.1.0", "", { "os": "linux", "cpu": "x64" }, "sha512-7ZA0ssxfpuGXV8S5Ct1ZJoEL3sKg/8u7mIL4SK9/PwKBhxIq7K+FVcjnggNsuFnEhHTX+HYl9hHDrlX0odZnHg=="],

    "@napi-rs/keyring-linux-x64-musl": ["@napi-rs/keyring-linux-x64-musl@2.1.0", "", { "os": "linux", "cpu": "x64" }, "sha512-dI74Fzl03CrN2TEP7YVBtUBFgyRTRPyK1LMcIgAUfgW3o6f5SD1a8EsfT82+brpFOltjOhacIlFiYOkYtSI5Fg=="],

    "@napi-rs/keyring-win32-arm64-msvc": ["@napi-rs/keyring-win32-arm64-msvc@2.1.0", "", { "os": "win32", "cpu": "arm64" }, "sha512-SltrXXkEe9a+Jv8ConDkZW2Mdr0srpWurS7oYkYP1Mp07DNBpFyqawRnyo4p7ZvQU3e+R6irj/Fq0epCCvVUXA=="],

    "@napi-rs/keyring-win32-ia32-msvc": ["@napi-rs/keyring-win32-ia32-msvc@2.1.0", "", { "os": "win32", "cpu": "ia32" }, "sha512-l5wJQhqXkAfQ4FGxoRh0wMpL9VxVmfiYI5TTeOGNupuVsQvbHmysh8gfDQBBWVhyMENHJS2OqOSYIuqVjumAtA=="],

    "@napi-rs/keyring-win32-x64-msvc": ["@napi-rs/keyring-win32-x64-msvc@2.1.0", "", { "os": "win32", "cpu": "x64" }, "sha512-3zYwO7dhJiUNyv2te81ujXm2vGxHwgx+z2eBm0dTYe3aWpvKQVzpfxCp/7cViJs8duVYE04wVOgXiRhRCMEq2w=="],

    "@pinojs/redact": ["@pinojs/redact@0.4.0", "", {}, "sha512-k2ENnmBugE/rzQfEcdWHcCY+/FM3VLzH9cYEsbdsoqrvzAKRhUZeRNhAZvB8OitQJ1TBed3yqWtdjzS6wJKBwg=="],

    "@playwright/test": ["@playwright/test@1.63.0", "", { "dependencies": { "playwright": "1.63.0" }, "bin": { "playwright": "cli.js" } }, "sha512-oxMK4vllB9RK5NQ2l1pq1IfOf2AvnEuj/vYGDj0H2nMtmtZpKtCwt/l00GEO6xjGfpBNAvjovvYdCm50dRQkpQ=="],

    "@selderee/plugin-htmlparser2": ["@selderee/plugin-htmlparser2@0.12.0", "", { "dependencies": { "domelementtype": "~2.3.0", "domhandler": "~5.0.3" }, "peerDependencies": { "selderee": "~0.12.0" } }, "sha512-oELmoyA6ML9jDRMV3kgcMQFKxUfBU0yFVn6yTctVaLT5ygXnxH52I3TZEgV9EhXJC68/uFvE5Daj1/25c0Xa/A=="],

    "@standard-schema/spec": ["@standard-schema/spec@1.1.0", "", {}, "sha512-l2aFy5jALhniG5HgqrD6jXLi/rUWrKvqN/qJx6yoJsgKhblVd+iqqU4RCXavm/jPityDo5TCvKMnpjKnOriy0w=="],

    "@turbo/darwin-64": ["@turbo/darwin-64@2.11.7", "", { "os": "darwin", "cpu": "x64" }, "sha512-Z2LFOxwbiJueD1miByXJS/BrW21vv6YaQXZustty5jEX4vQYw6zyh101Sz1QO7WG0mqBzKagZ/DoAeeujI0/Sw=="],

    "@turbo/darwin-arm64": ["@turbo/darwin-arm64@2.11.7", "", { "os": "darwin", "cpu": "arm64" }, "sha512-Vhv8ybgIflosNDSSRD9fNXHlCFA60dsGyTqQmc7l28SEX5jOaweCCD4BBYNd8/p0WGkw3e7tZbfA9w6FsujGvw=="],

    "@turbo/linux-64": ["@turbo/linux-64@2.11.7", "", { "os": [ "linux", "android", ], "cpu": "x64" }, "sha512-rAqRp3blQKk1+ylMGlZHAW0eJjVNuuGUm4ZrC6RU1Im8tLryvaO4a2zLQ/FQi1TRlmKqKV9YXBki2YeytlLbXA=="],

    "@turbo/linux-arm64": ["@turbo/linux-arm64@2.11.7", "", { "os": [ "linux", "android", ], "cpu": "arm64" }, "sha512-thVYGov7S+llXAxrl3kBb/efalav0xhrjl5NHCR6AfKx14JkbqaetvbVwyss4FvZ9rt+Pv3xsTb+8SIYix8DTg=="],

    "@turbo/windows-64": ["@turbo/windows-64@2.11.7", "", { "os": "win32", "cpu": "x64" }, "sha512-ZIoKT7J7KutgYl4bGxmmgeUQjG+7E0nY8BF9dxUOiMH2vdTsM4JQ2uSwTYFkTR2Llbg6ghGjSmuZ8LQtkLEYjg=="],

    "@turbo/windows-arm64": ["@turbo/windows-arm64@2.11.7", "", { "os": "win32", "cpu": "arm64" }, "sha512-88Xv2f7SLGVJ68lRRx8o375dKmnZYNdDtvlKcPA0kZpcF93eAQd8l96BKQ0/AMHG0bMJA0Z5QqoqtetxzNsC+g=="],

    "@types/bun": ["@types/bun@1.4.2", "", { "dependencies": { "bun-types": "1.4.2" } }, "sha512-GimotNn7+ZV0uVArItBbriZsR1oNf0+WTzPkdcFrzShI7k2norL0uzEaJT8T33dWr7O/c9ZDuAFQrctKCi72oQ=="],

    "@types/html-to-text": ["@types/html-to-text@9.0.4", "", {}, "sha512-pUY3cKH/Nm2yYrEmDlPR1mR7yszjGx4DrwPjQ702C4/D5CwHuZTgZdIdwPkRbcuhs7BAh2L5rg3CL5cbRiGTCQ=="],

    "@types/mailparser": ["@types/mailparser@3.9.0", "", { "dependencies": { "@types/node": "*", "iconv-lite": "^0.6.3" } }, "sha512-YnhrRiRVDiEAphFvd72hKa1n8y2b9Q3rgSQiONZQyhQz67h5g4MZHNApET3XWXVEFdInWtHqDHKEwnyjxU3QVw=="],

    "@types/node": ["@types/node@26.6.3", "", { "dependencies": { "undici-types": "~8.9.0" } }, "sha512-dsqMQQoeTLqu9wynDD00q573mNzso3IdQOAfHRJqLCcmCFPoGo9A1bDpUcv/9tnKpErQWv9uKeGfl37EIS02Yg=="],

    "@types/nodemailer": ["@types/nodemailer@8.0.2", "", { "dependencies": { "@types/node": "*" } }, "sha512-c7M5ox8p0nEOfbJ2E9Qcmt8/QCu/VzsiAhzBiZbvky2PhKZDHpKB3sQHBM5MEZNkCfBOaS6S9//AGPRTNB7IaA=="],

    "@typescript/typescript-aix-ppc64": ["@typescript/typescript-aix-ppc64@7.0.2", "", { "os": "aix", "cpu": "ppc64" }, "sha512-MTKKkWB7p/0E9xi1d1tHtZ5PiLkGEMIq88pK2CubZjOsLtYTLqhgIgi6zepFa+9GHZ6h05NMCkQxGKiPXMxXtQ=="],

    "@typescript/typescript-darwin-arm64": ["@typescript/typescript-darwin-arm64@7.0.2", "", { "os": "darwin", "cpu": "arm64" }, "sha512-gowzar9MwS/aRWp6f3a4KUqzRjAZjOsmGNCM6LcTgXum+dBfgsBVMN+AgvOCCbguXyick6LJhpBszxMebJ8syA=="],

    "@typescript/typescript-darwin-x64": ["@typescript/typescript-darwin-x64@7.0.2", "", { "os": "darwin", "cpu": "x64" }, "sha512-SZ9xZInqApNlNGc9s0W1VSsktYSOe9cFqNOIqmN1Gs8SmkjKZYFt017G4VwPxASInODuAdbTW7sXiFUf893RgA=="],

    "@typescript/typescript-freebsd-arm64": ["@typescript/typescript-freebsd-arm64@7.0.2", "", { "os": "freebsd", "cpu": "arm64" }, "sha512-W5NH4y/J0plIIS5b2xvTEkU7JFxyqdMAOgf+Ilhl0vHQXKO5dZoxd+C/jEtq56c4F3wk71RB4BMRQ2XdI+bwYQ=="],

    "@typescript/typescript-freebsd-x64": ["@typescript/typescript-freebsd-x64@7.0.2", "", { "os": "freebsd", "cpu": "x64" }, "sha512-UMGDx5sTpzNw3WiPebH7l90IWfJggEd+egHt/q6p7/Cm3zqoV7VxkGXt+3DxPIw8CcmvAB0j3sVVfbhX+M4Tpw=="],

    "@typescript/typescript-linux-arm": ["@typescript/typescript-linux-arm@7.0.2", "", { "os": "linux", "cpu": "arm" }, "sha512-gffT3xPz9sR7j/YJExkyPntrI0P2EP9XbOyWzth2/Gs0RstK+90RBcO0ncXoXy/beYll1SXw846Nf2zdnEz0QQ=="],

    "@typescript/typescript-linux-arm64": ["@typescript/typescript-linux-arm64@7.0.2", "", { "os": "linux", "cpu": "arm64" }, "sha512-Qh4eU4/y3yDjnfjjyPYihMj5/ODIlmt+Bzu17OI+fiSRDW57QmU5SiN63exPRNJPKUzcc1INa1NXdrJ+MqHjUQ=="],

    "@typescript/typescript-linux-loong64": ["@typescript/typescript-linux-loong64@7.0.2", "", { "os": "linux", "cpu": "none" }, "sha512-uEHck9i8hoAzXPiYRib1O7miOnz23SxIeVl6F4LXox+qov1K35jHcEW6VHKvZI+pyvl7fZEP4MCU5LYvIq1GuQ=="],

    "@typescript/typescript-linux-mips64el": ["@typescript/typescript-linux-mips64el@7.0.2", "", { "os": "linux", "cpu": "none" }, "sha512-R4KvAMnE43W5Qeqb0Ly56O3mWMWIAgsMyz36DCaycd5nbg/9kzm0liw3JocfRqyJY0KPmzFjbswozXyW0DnIYA=="],

    "@typescript/typescript-linux-ppc64": ["@typescript/typescript-linux-ppc64@7.0.2", "", { "os": "linux", "cpu": "ppc64" }, "sha512-DORx5b3sd/4S7eayxm4FQv+A7CrkUIGRaHiwI8oiHTAI1fAPWhF4J0vAlkC8biAlHSVVwxMQ3tjZ2/DVbnQiiA=="],

    "@typescript/typescript-linux-riscv64": ["@typescript/typescript-linux-riscv64@7.0.2", "", { "os": "linux", "cpu": "none" }, "sha512-wf0jqEDOjrPRnKwYRyyJDRo11KMbvMFrU+q4zqKyChODBzvlkbhNQfKvLxQCcwTpdDaXSHZTVuh0JoCrKCUMHQ=="],

    "@typescript/typescript-linux-s390x": ["@typescript/typescript-linux-s390x@7.0.2", "", { "os": "linux", "cpu": "s390x" }, "sha512-IkwJc3L7yhytWd/ewjyxNDfOmswCm9GWMJT/ue/dU4aZNbwZeYAetq42VyLmsmSjvoX7z74X6ZaYCtzAr0EuGw=="],

    "@typescript/typescript-linux-x64": ["@typescript/typescript-linux-x64@7.0.2", "", { "os": "linux", "cpu": "x64" }, "sha512-EYdf2cNg7rgCWJnxCdJ+F3V39O8ihb37eHAu1LK8oAFizgTQbPOK7zHHXbPt8rX24COqODXeI3sIf0fCXG7H/A=="],

    "@typescript/typescript-netbsd-arm64": ["@typescript/typescript-netbsd-arm64@7.0.2", "", { "os": "none", "cpu": "arm64" }, "sha512-+polYF4MF04aPpO5FTkHran9yUQDSXqy5GiSDKpsll5jy3l3+g9QLhpf39T+ePtefhXLOGrLl0QIjkQP6VnelA=="],

    "@typescript/typescript-netbsd-x64": ["@typescript/typescript-netbsd-x64@7.0.2", "", { "os": "none", "cpu": "x64" }, "sha512-8YIT0EHM/3dq10ZOVF/A7pc/YSMtbcecct4rWtexrnSCHOPcpC2KTLXfTCR6vDpnSiY12heNb1GiN/wu+T/FyA=="],

    "@typescript/typescript-openbsd-arm64": ["@typescript/typescript-openbsd-arm64@7.0.2", "", { "os": "openbsd", "cpu": "arm64" }, "sha512-APT8+ClYnuYm1u9+kgGXoMj2VzWzcymwh2gNSQVySHfkRDGOTVkoWLjCmOQSaO+PoqQ57B0flRp9SA+7GnnkzQ=="],

    "@typescript/typescript-openbsd-x64": ["@typescript/typescript-openbsd-x64@7.0.2", "", { "os": "openbsd", "cpu": "x64" }, "sha512-yX7s+Q0Dln0Dt9tEzZsAjXXR/+ytBM7AlglaqyeMPxQszJ1JhlJdZ6jLA+IzldHtflX81em7lDao1xXu+aRRkg=="],

    "@typescript/typescript-sunos-x64": ["@typescript/typescript-sunos-x64@7.0.2", "", { "os": "sunos", "cpu": "x64" }, "sha512-dLJDGaLZ1D4HPQn62u1n8mBDkJREwMsAkCdkwd4Ieqw+x3TUyTsqY0YiBCtE6H6OzzgGk3iuZ3vFWRS+E8/d1g=="],

    "@typescript/typescript-win32-arm64": ["@typescript/typescript-win32-arm64@7.0.2", "", { "os": "win32", "cpu": "arm64" }, "sha512-Gyl1Vy6OsWesLzmq+EP0Fb7b4Nid5232AvcA2SFcdYreldpNtYFFofPjnt62y9hQy7VTaZp65ICJjuAQRaVcIQ=="],

    "@typescript/typescript-win32-x64": ["@typescript/typescript-win32-x64@7.0.2", "", { "os": "win32", "cpu": "x64" }, "sha512-0BQ3HkAHHlKLSp1qRvf3SUhGpGsDuhB/jgFw75guyqbxJqEaS0Cw/VFO8i2nHglJUzQCRtMMR/IBAKE3ETMC4g=="],

    "@zone-eu/mailsplit": ["@zone-eu/mailsplit@5.4.19", "", { "dependencies": { "libbase64": "1.3.1", "libmime": "5.4.6", "libqp": "2.1.2" } }, "sha512-nDWzw+X3tqfwd7DpDThAjg3KqtrNA6bG2gkrf6m2j1JBaGyyKAZzu1TguzB4GEco+HYpXAbXZ7kbl4Sn8H1vXw=="],

    "atomic-sleep": ["atomic-sleep@1.0.0", "", {}, "sha512-kNOjDqAh7px0XWNI+4QbzoiR/nTkHAWNud2uvnJquD1/x5a7EQZMJT0AczqK0Qn67oY/TTQ1LbUKajZpp3I9tQ=="],

    "axe-core": ["axe-core@4.13.0", "", {}, "sha512-UzGt8zg7Ny8djbYMhxl2zuEevVa7r2gJjYY5Lwr1xM7+XU2nd6CkIWFTVcCIbAP63vSz71NaVyyuSk9lHKcy0A=="],

    "bun-types": ["bun-types@1.4.2", "", { "dependencies": { "@types/node": "*" } }, "sha512-bxV1FgK7yBIzjRe5zBozIM4Bem11ZJcCXSrjWRG3YWLt8yFDePu4cLjpebO8OvPeIE9trbyPF4fuj3Cia4Fj3w=="],

    "deepmerge-ts": ["deepmerge-ts@8.0.2", "", {}, "sha512-uqbvqLUMrc6p0MO+WBRtTxY55hmyh94WRwI5a++PZe54X+bfVh59FSN7uWCBCW1CCVjzjnrwzfI8zidE2obMMw=="],

    "dom-serializer": ["dom-serializer@2.0.0", "", { "dependencies": { "domelementtype": "^2.3.0", "domhandler": "^5.0.2", "entities": "^4.2.0" } }, "sha512-wIkAryiqt/nV5EQKqQpo3SToSOV9J0DnbJqwK7Wv/Trc92zIAYZ4FlMu+JPFW1DfGFt81ZTCGgDEabffXeLyJg=="],

    "domelementtype": ["domelementtype@2.3.0", "", {}, "sha512-OLETBj6w0OsagBwdXnPdN0cnMfF9opN69co+7ZrbfPGrdpPVNBUj02spi6B1N7wChLQiPn4CSH/zJvXw56gmHw=="],

    "domhandler": ["domhandler@5.0.3", "", { "dependencies": { "domelementtype": "^2.3.0" } }, "sha512-cgwlv/1iFQiFnU96XXgROh8xTeetsnJiDsTc7TYCLFd9+/WNkIqPTxiM/8pSd8VIrhXGTf1Ny1q1hquVqDJB5w=="],

    "domutils": ["domutils@3.2.2", "", { "dependencies": { "dom-serializer": "^2.0.0", "domelementtype": "^2.3.0", "domhandler": "^5.0.3" } }, "sha512-6kZKyUajlDuqlHKVX1w7gyslj9MPIXzIFiz/rGu35uC1wMi+kMhQwGhl4lt9unC9Vb9INnY9Z3/ZA3+FhASLaw=="],

    "effect": ["effect@3.22.2", "", { "dependencies": { "@standard-schema/spec": "^1.0.0", "fast-check": "^3.23.1" } }, "sha512-fm1CQXCs7GTMwpadZxwU5rnAb2bN6mbQpknq/pXBGCzSKkosNYb9k0wsoL0TfB10rSa5xOEZJjo77u/KLXSANg=="],

    "encoding-japanese": ["encoding-japanese@2.4.0", "", {}, "sha512-PE0KjlsDy9JSsoU4C2Q8NXb1kC4c+bZRac9ZvHXUE4q1Ht63gScKMdEy9jst9+Fi3M4eDkqzkEhBZvix4blP2A=="],

    "entities": ["entities@4.5.0", "", {}, "sha512-V0hjH4dGPh9Ao5p0MoRY6BVqtwCjhz6vI5LT8AJ55H+4g9/4vbHx1I54fS0XuclLhDHArPQCiMjDxjaL8fPxhw=="],

    "fast-check": ["fast-check@3.23.2", "", { "dependencies": { "pure-rand": "^6.1.0" } }, "sha512-h5+1OzzfCC3Ef7VbtKdcv7zsstUQwUDlYpUTvjeUsJAssPgLn7QzbboPtL5ro04Mq0rPOsMzl7q5hIbRs2wD1A=="],

    "he": ["he@1.2.0", "", { "bin": { "he": "bin/he" } }, "sha512-F/1DnUGPopORZi0ni+CvrCgHQ5FyEAHRLSApuYWMmrbSwoN2Mn/7k+Gl38gJnR7yyDZk6WLXwiGod1JOWNDKGw=="],

    "html-to-text": ["html-to-text@10.0.1", "", { "dependencies": { "@selderee/plugin-htmlparser2": "~0.12.0", "deepmerge-ts": "^8.0.1", "dom-serializer": "^2.0.0", "htmlparser2": "^10.1.0", "selderee": "~0.12.0" } }, "sha512-GiVhRI1BatGARSCmlXWNCjDT0cWrwBWoeduLoV0WSKAgaV/wa+hUWy5LiQLUs4UwiUrE52ZCMfBGiKD87TDPrg=="],

    "htmlparser2": ["htmlparser2@10.1.0", "", { "dependencies": { "domelementtype": "^2.3.0", "domhandler": "^5.0.3", "domutils": "^3.2.2", "entities": "^7.0.1" } }, "sha512-VTZkM9GWRAtEpveh7MSF6SjjrpNVNNVJfFup7xTY3UpFtm67foy9HDVXneLtFVt4pMz5kZtgNcvCniNFb1hlEQ=="],

    "iconv-lite": ["iconv-lite@0.6.3", "", { "dependencies": { "safer-buffer": ">= 2.1.2 < 3.0.0" } }, "sha512-4fCk79wshMdzMp2rH06qWrJE4iolqLhCUH+OiuIgU++RB0+94NlDL81atO7GX55uUKueo0txHNtvEyI6D7WdMw=="],

    "imapflow": ["imapflow@2.2.1", "", { "dependencies": { "@zone-eu/mailsplit": "5.4.19", "encoding-japanese": "2.4.0", "iconv-lite": "0.7.3", "libbase64": "1.3.1", "libmime": "5.4.6", "libqp": "2.1.2", "pino": "10.3.1", "socks": "2.8.10" } }, "sha512-d7/sRGEtexA8e0Y71sN0rKfB2yWgZMHY8JqCbk17arRLGicjX1LpBuxPH+wowOIA5sVWs7U//B6S+mKfrBtT6w=="],

    "ip-address": ["ip-address@10.7.2", "", {}, "sha512-7H/2gFSIitxc0hG3nOI1glS8QLo/EHBFFLk8vEUjXY/xu0AdL8jZ9U1IzO2PUm0d2D/ofQcAifb0g6OBkt8U7w=="],

    "leac": ["leac@0.7.0", "", {}, "sha512-qMrZeyEekgdRQ9o6a4NAB2EQZrv827GJdn1vnapwSJ90hWRB4TzUSunvacPkxQ2TnNqHNI1/zSt0hlo0crG8Jw=="],

    "libbase64": ["libbase64@1.3.1", "", {}, "sha512-1b9LXEjEtXj35YKOR9RqNKBootlb37qbIzmqiw4MsP52cjOsfR6i/AYU1Y8qN4kV2TJQmLJ5aiXn45qI6h+Szw=="],

    "libmime": ["libmime@5.4.6", "", { "dependencies": { "encoding-japanese": "2.4.0", "iconv-lite": "0.7.3", "libbase64": "1.3.1", "libqp": "2.1.2" } }, "sha512-Cgx1vHd76GTwDaLNsl0K44CjNFfhkX/1bMcoruoWr8Ugcl0/zMw7x/8NpZERIOcpGyzlQo10tOEw9goGsv2Wlg=="],

    "libqp": ["libqp@2.1.2", "", {}, "sha512-rp+U80tl9Os4K7GnVbPzPRmghPu6eqB8rcF+ontvNAnoga0JhMFG/bkTD/reC8yoznKMgOc5/ttZHJasiWeFPw=="],

    "linkify-it": ["linkify-it@5.0.2", "", { "dependencies": { "uc.micro": "^2.0.0" } }, "sha512-ONTm2jCMAVZjgQa/Fy1kScXsuOoF5NPTsoFBdE1KVIZ2vAh/r9+Bqo+0jINCBYnavTPQZz38QzFTme79ENoN3Q=="],

    "mailparser": ["mailparser@3.9.33", "", { "dependencies": { "@zone-eu/mailsplit": "5.4.19", "encoding-japanese": "2.4.0", "he": "1.2.0", "html-to-text": "10.0.1", "iconv-lite": "0.7.3", "libmime": "5.4.6", "linkify-it": "5.0.2", "nodemailer": "10.0.13", "punycode.js": "2.3.1", "tlds": "1.261.0" } }, "sha512-+ZYhApN4f7B8+jokb7VZeml8lxYHixVJ3tJTB5iPG9/MJpy8YmBHGdy+AWJ9dmtUX6t0xlu4rxwj1b7eWCvbDA=="],

    "nodemailer": ["nodemailer@10.0.13", "", {}, "sha512-SzG86OlvcW/NNhUFC6uROMwRTL4n7MswfQqC/T8mhkmnY1YVa23zUEMYi4ijSeXSl9GLz9ZeTJDUatEDuY5FeQ=="],

    "on-exit-leak-free": ["on-exit-leak-free@2.1.2", "", {}, "sha512-0eJJY6hXLGf1udHwfNftBqH+g73EU4B504nZeKpz1sYRKafAghwxEJunB2O7rDZkL4PGfsMVnTXZ2EjibbqcsA=="],

    "parseley": ["parseley@0.13.1", "", { "dependencies": { "leac": "^0.7.0", "peberminta": "^0.10.0" } }, "sha512-uNBJZzmb60l6p6VWLTmevizNAGnE0xoSf1n0B4q3ntegDNzcS68NRCcBDZTcyXHxt2XhBChsCuqj4M+nChvE/A=="],

    "peberminta": ["peberminta@0.10.0", "", {}, "sha512-80B2AsU+I4Qdb0ZAPSfe9UwvGzwkM37IKIFEvdS3D/3Ndgv2bsuJ0bfG1+iEYO+l7Gfd4EUJmuRyq7efLgRMzQ=="],

    "pino": ["pino@10.3.1", "", { "dependencies": { "@pinojs/redact": "^0.4.0", "atomic-sleep": "^1.0.0", "on-exit-leak-free": "^2.1.0", "pino-abstract-transport": "^3.0.0", "pino-std-serializers": "^7.0.0", "process-warning": "^5.0.0", "quick-format-unescaped": "^4.0.3", "real-require": "^0.2.0", "safe-stable-stringify": "^2.3.1", "sonic-boom": "^4.0.1", "thread-stream": "^4.0.0" }, "bin": { "pino": "bin.js" } }, "sha512-r34yH/GlQpKZbU1BvFFqOjhISRo1MNx1tWYsYvmj6KIRHSPMT2+yHOEb1SG6NMvRoHRF0a07kCOox/9yakl1vg=="],

    "pino-abstract-transport": ["pino-abstract-transport@3.0.0", "", { "dependencies": { "split2": "^4.0.0" } }, "sha512-wlfUczU+n7Hy/Ha5j9a/gZNy7We5+cXp8YL+X+PG8S0KXxw7n/JXA3c46Y0zQznIJ83URJiwy7Lh56WLokNuxg=="],

    "pino-std-serializers": ["pino-std-serializers@7.1.0", "", {}, "sha512-BndPH67/JxGExRgiX1dX0w1FvZck5Wa4aal9198SrRhZjH3GxKQUKIBnYJTdj2HDN3UQAS06HlfcSbQj2OHmaw=="],

    "playwright": ["playwright@1.63.0", "", { "dependencies": { "playwright-core": "1.63.0" }, "bin": { "playwright": "cli.js" } }, "sha512-+7ziBLidS4NaNCdt57SUDT+wYmmd5fmiQejUic/kb+YsYSCPyOOE9sebzMjNmQrsnNpDJqd4WHvV/8lfKfUDUg=="],

    "playwright-core": ["playwright-core@1.63.0", "", { "bin": { "playwright-core": "cli.js" } }, "sha512-rYCsBF/M5HjUch52bbtVONEFjv6Xu8sm8h72dNlR5bzIE1fvC/bxgspzkjSfU+MweEMmPM8KJebG6nnyxo5mCg=="],

    "process-warning": ["process-warning@5.1.0", "", {}, "sha512-jQSaVHsPgtyw60e1rQ/A+/ArPEj/S8pS/vFnyGa/gYFXrKk/6RuDkoqVDQ5NI5MmS01698ltlAk0NoDBNLujRw=="],

    "punycode.js": ["punycode.js@2.3.1", "", {}, "sha512-uxFIHU0YlHYhDQtV4R9J6a52SLx28BCjT+4ieh7IGbgwVJWO+km431c4yRlREUAsAmt/uMjQUyQHNEPf0M39CA=="],

    "pure-rand": ["pure-rand@6.1.0", "", {}, "sha512-bVWawvoZoBYpp6yIoQtQXHZjmz35RSVHnUOTefl8Vcjr8snTPY1wnpSPMWekcFwbxI6gtmT7rSYPFvz71ldiOA=="],

    "quick-format-unescaped": ["quick-format-unescaped@4.0.4", "", {}, "sha512-tYC1Q1hgyRuHgloV/YXs2w15unPVh8qfu/qCTfhTYamaw7fyhumKa2yGpdSo87vY32rIclj+4fWYQXUMs9EHvg=="],

    "real-require": ["real-require@0.2.0", "", {}, "sha512-57frrGM/OCTLqLOAh0mhVA9VBMHd+9U7Zb2THMGdBUoZVOtGbJzjxsYGDJ3A9AYYCP4hn6y1TVbaOfzWtm5GFg=="],

    "safe-stable-stringify": ["safe-stable-stringify@2.5.0", "", {}, "sha512-b3rppTKm9T+PsVCBEOUR46GWI7fdOs00VKZ1+9c1EWDaDMvjQc6tUwuFyIprgGgTcWoVHSKrU8H31ZHA2e0RHA=="],

    "safer-buffer": ["safer-buffer@2.1.2", "", {}, "sha512-YZo3K82SD7Riyi0E1EQPojLz7kpepnSQI9IyPbHHg1XXXevb5dJI7tpyN2ADxGcQbHG7vcyRHk0cbwqcQriUtg=="],

    "selderee": ["selderee@0.12.0", "", { "dependencies": { "parseley": "~0.13.1" } }, "sha512-b1YMh3+DHZp59DLna3qVwQ5iOla/nrI6mLBNW02XxU77M3046Df6VLkoaJyFz20VsGIG5kkp+FK0kg4K4HnUFw=="],

    "smart-buffer": ["smart-buffer@4.2.0", "", {}, "sha512-94hK0Hh8rPqQl2xXc3HsaBoOXKV20MToPkcXvwbISWLEs+64sBq5kFgn2kJDHb1Pry9yrP0dxrCI9RRci7RXKg=="],

    "socks": ["socks@2.8.10", "", { "dependencies": { "ip-address": "^10.1.1", "smart-buffer": "^4.2.0" } }, "sha512-e0VyvkVTwVYViNovRkZ9aodhxVlyoMn7eJhVUPxZ+eK9P/7CBkxvvsBOHqFPEH416726W8tLXXXjKwqgTErrCQ=="],

    "sonic-boom": ["sonic-boom@4.2.1", "", { "dependencies": { "atomic-sleep": "^1.0.0" } }, "sha512-w6AxtubXa2wTXAUsZMMWERrsIRAdrK0Sc+FUytWvYAhBJLyuI4llrMIC1DtlNSdI99EI86KZum2MMq3EAZlF9Q=="],

    "split2": ["split2@4.2.0", "", {}, "sha512-UcjcJOWknrNkF6PLX83qcHM6KHgVKNkV62Y8a5uYDVv9ydGQVwAHMKqHdJje1VTWpljG0WYpCDhrCdAOYH4TWg=="],

    "thread-stream": ["thread-stream@4.2.0", "", { "dependencies": { "real-require": "^1.0.0" } }, "sha512-e2zZ96wSChazBsbENf/Pcm/4swHt2cEKQ92rhUjkL9GCKiTDJIaTBenjE/m9DXi0QBmTMDkFDdOomUy20A1tDQ=="],

    "tlds": ["tlds@1.261.0", "", { "bin": { "tlds": "bin.js" } }, "sha512-QXqwfEl9ddlGBaRFXIvNKK6OhipSiLXuRuLJX5DErz0o0Q0rYxulWLdFryTkV5PkdZct5iMInwYEGe/eR++1AA=="],

    "turbo": ["turbo@2.11.7", "", { "optionalDependencies": { "@turbo/darwin-64": "2.11.7", "@turbo/darwin-arm64": "2.11.7", "@turbo/linux-64": "2.11.7", "@turbo/linux-arm64": "2.11.7", "@turbo/windows-64": "2.11.7", "@turbo/windows-arm64": "2.11.7" }, "bin": { "turbo": "bin/turbo" } }, "sha512-RhXHbqfvY6o3xt/zSHCwSNwLrZlXiqHzewi4eAj9PtZ1T1CqgMJ2yIDb7SKPTG9IikTm925mfzL6hldQVdyNWw=="],

    "typescript": ["typescript@7.0.2", "", { "optionalDependencies": { "@typescript/typescript-aix-ppc64": "7.0.2", "@typescript/typescript-darwin-arm64": "7.0.2", "@typescript/typescript-darwin-x64": "7.0.2", "@typescript/typescript-freebsd-arm64": "7.0.2", "@typescript/typescript-freebsd-x64": "7.0.2", "@typescript/typescript-linux-arm": "7.0.2", "@typescript/typescript-linux-arm64": "7.0.2", "@typescript/typescript-linux-loong64": "7.0.2", "@typescript/typescript-linux-mips64el": "7.0.2", "@typescript/typescript-linux-ppc64": "7.0.2", "@typescript/typescript-linux-riscv64": "7.0.2", "@typescript/typescript-linux-s390x": "7.0.2", "@typescript/typescript-linux-x64": "7.0.2", "@typescript/typescript-netbsd-arm64": "7.0.2", "@typescript/typescript-netbsd-x64": "7.0.2", "@typescript/typescript-openbsd-arm64": "7.0.2", "@typescript/typescript-openbsd-x64": "7.0.2", "@typescript/typescript-sunos-x64": "7.0.2", "@typescript/typescript-win32-arm64": "7.0.2", "@typescript/typescript-win32-x64": "7.0.2" }, "bin": { "tsc": "bin/tsc" } }, "sha512-8FYau96o3NKOhbjKi/qNvG/W5jhzxkbdm5sj9AbZ/5T5sWqn3hJgLfGx27sRKZWTvyzCP8dLRBTf5tBTSRVUNA=="],

    "uc.micro": ["uc.micro@2.1.0", "", {}, "sha512-ARDJmphmdvUk6Glw7y9DQ2bFkKBHwQHLi2lsaH6PPmz/Ka9sFOBsBluozhDltWmnv9u/cF6Rt87znRTPV+yp/A=="],

    "undici-types": ["undici-types@8.9.0", "", {}, "sha512-KTDyRTYX8sWmKXAikPHHSyc63CRPETMctyjKFupcC6OBLXT3xsN0e9aF7m+mIXutFWpUXuedtowG7iLOzp0kQg=="],

    "yaml": ["yaml@2.9.1", "", { "bin": { "yaml": "bin.mjs" } }, "sha512-3NxN8+78OdzbT7C/WjGsyfPAtJaN3FNDsWxv7Y7mcDsT/oOmgW8BpyQQFFBnvZE3j9Y2Sdz1ULFLezL7Eb2yFw=="],

    "@types/mailparser/@types/node": ["@types/node@26.6.2", "", { "dependencies": { "undici-types": "~8.9.0" } }, "sha512-X1P21scMv4zGKLYqjdGjaKa7COa0RKVYYZZN/NfvLQ1JegxFhdhpZG/Lyn8AXx6CDUavKAd11v6BvfpkDByK8g=="],

    "@types/nodemailer/@types/node": ["@types/node@26.6.2", "", { "dependencies": { "undici-types": "~8.9.0" } }, "sha512-X1P21scMv4zGKLYqjdGjaKa7COa0RKVYYZZN/NfvLQ1JegxFhdhpZG/Lyn8AXx6CDUavKAd11v6BvfpkDByK8g=="],

    "bun-types/@types/node": ["@types/node@26.6.2", "", { "dependencies": { "undici-types": "~8.9.0" } }, "sha512-X1P21scMv4zGKLYqjdGjaKa7COa0RKVYYZZN/NfvLQ1JegxFhdhpZG/Lyn8AXx6CDUavKAd11v6BvfpkDByK8g=="],

    "htmlparser2/entities": ["entities@7.0.1", "", {}, "sha512-TWrgLOFUQTH994YUyl1yT4uyavY5nNB5muff+RtWaqNVCAK408b5ZnnbNAUEWLTCpum9w6arT70i1XdQ4UeOPA=="],

    "imapflow/iconv-lite": ["iconv-lite@0.7.3", "", { "dependencies": { "safer-buffer": ">= 2.1.2 < 3.0.0" } }, "sha512-IKXpvIzjnC9XTAUbVBcMfGS0EPaIXtW6v+zr+RRp+hqULEpo0owZax6wyRwPOJbWbzjYspQwusTsfVr0ifh4uQ=="],

    "libmime/iconv-lite": ["iconv-lite@0.7.3", "", { "dependencies": { "safer-buffer": ">= 2.1.2 < 3.0.0" } }, "sha512-IKXpvIzjnC9XTAUbVBcMfGS0EPaIXtW6v+zr+RRp+hqULEpo0owZax6wyRwPOJbWbzjYspQwusTsfVr0ifh4uQ=="],

    "mailparser/iconv-lite": ["iconv-lite@0.7.3", "", { "dependencies": { "safer-buffer": ">= 2.1.2 < 3.0.0" } }, "sha512-IKXpvIzjnC9XTAUbVBcMfGS0EPaIXtW6v+zr+RRp+hqULEpo0owZax6wyRwPOJbWbzjYspQwusTsfVr0ifh4uQ=="],

    "thread-stream/real-require": ["real-require@1.0.0", "", {}, "sha512-P4nbQYQfePJxRSmY+v/KINxVucm4NF3p3s7pJveMTtom52FR4YGltUQLB8idDXwDDWW+eYrWDFbuzUnjoWHF7g=="],
  }
}
